// !$*UTF8*$!
{
	archiveVersion = 1;
	classes = {
	};
	objectVersion = 50;
	objects = {

/* Begin PBXBuildFile section */
		52E07B2A22BB2FDC00E02EAD /* NSDictionary+JSON.m in Sources */ = {isa = PBXBuildFile; fileRef = 52E07B2922BB2FDC00E02EAD /* NSDictionary+JSON.m */; };
		52E07B2E22BB30A000E02EAD /* UIWindow+ViewController.m in Sources */ = {isa = PBXBuildFile; fileRef = 52E07B2D22BB30A000E02EAD /* UIWindow+ViewController.m */; };
		7A6984F022446934004BF977 /* AppDelegate.m in Sources */ = {isa = PBXBuildFile; fileRef = 7A6984EF22446934004BF977 /* AppDelegate.m */; };
		7A6984F322446934004BF977 /* ViewController.m in Sources */ = {isa = PBXBuildFile; fileRef = 7A6984F222446934004BF977 /* ViewController.m */; };
		7A6984F622446934004BF977 /* Main.storyboard in Resources */ = {isa = PBXBuildFile; fileRef = 7A6984F422446934004BF977 /* Main.storyboard */; };
		7A6984F822446934004BF977 /* Assets.xcassets in Resources */ = {isa = PBXBuildFile; fileRef = 7A6984F722446934004BF977 /* Assets.xcassets */; };
		7A6984FB22446934004BF977 /* LaunchScreen.storyboard in Resources */ = {isa = PBXBuildFile; fileRef = 7A6984F922446934004BF977 /* LaunchScreen.storyboard */; };
		7A6984FE22446934004BF977 /* main.m in Sources */ = {isa = PBXBuildFile; fileRef = 7A6984FD22446934004BF977 /* main.m */; };
		7A69850822446934004BF977 /* Object_CBaseProjectTests.m in Sources */ = {isa = PBXBuildFile; fileRef = 7A69850722446934004BF977 /* Object_CBaseProjectTests.m */; };
		7A69851322446934004BF977 /* Object_CBaseProjectUITests.m in Sources */ = {isa = PBXBuildFile; fileRef = 7A69851222446934004BF977 /* Object_CBaseProjectUITests.m */; };
		7A69857B224469ED004BF977 /* Aspects.m in Sources */ = {isa = PBXBuildFile; fileRef = 7A698523224469ED004BF977 /* Aspects.m */; };
		7A69857C224469ED004BF977 /* CVAlertTool.m in Sources */ = {isa = PBXBuildFile; fileRef = 7A698526224469ED004BF977 /* CVAlertTool.m */; };
		7A69857D224469EE004BF977 /* UIView+Extension.m in Sources */ = {isa = PBXBuildFile; fileRef = 7A698528224469ED004BF977 /* UIView+Extension.m */; };
		7A69857E224469EE004BF977 /* NSArray+Log.m in Sources */ = {isa = PBXBuildFile; fileRef = 7A69852B224469ED004BF977 /* NSArray+Log.m */; };
		7A69857F224469EE004BF977 /* NSArray+ZFBAddition.m in Sources */ = {isa = PBXBuildFile; fileRef = 7A69852D224469ED004BF977 /* NSArray+ZFBAddition.m */; };
		7A698580224469EE004BF977 /* NSAttributedString+ZFBAdditon.m in Sources */ = {isa = PBXBuildFile; fileRef = 7A698530224469ED004BF977 /* NSAttributedString+ZFBAdditon.m */; };
		7A698581224469EE004BF977 /* NSDate+CN.m in Sources */ = {isa = PBXBuildFile; fileRef = 7A698533224469ED004BF977 /* NSDate+CN.m */; };
		7A698582224469EE004BF977 /* NSDate+Extension.m in Sources */ = {isa = PBXBuildFile; fileRef = 7A698535224469ED004BF977 /* NSDate+Extension.m */; };
		7A698583224469EE004BF977 /* NSObject+Base.m in Sources */ = {isa = PBXBuildFile; fileRef = 7A698538224469ED004BF977 /* NSObject+Base.m */; };
		7A698584224469EE004BF977 /* NSObject+ConversionJson.m in Sources */ = {isa = PBXBuildFile; fileRef = 7A69853A224469ED004BF977 /* NSObject+ConversionJson.m */; };
		7A698585224469EE004BF977 /* NSObject+PPFProductCategory.m in Sources */ = {isa = PBXBuildFile; fileRef = 7A69853C224469ED004BF977 /* NSObject+PPFProductCategory.m */; };
		7A698586224469EE004BF977 /* UtilityFunc.m in Sources */ = {isa = PBXBuildFile; fileRef = 7A69853E224469ED004BF977 /* UtilityFunc.m */; };
		7A698587224469EE004BF977 /* NSObject+ConversionJson.m in Sources */ = {isa = PBXBuildFile; fileRef = 7A698541224469ED004BF977 /* NSObject+ConversionJson.m */; };
		7A698588224469EE004BF977 /* NSString+CN.m in Sources */ = {isa = PBXBuildFile; fileRef = 7A698543224469ED004BF977 /* NSString+CN.m */; };
		7A698589224469EE004BF977 /* NSString+Hash.m in Sources */ = {isa = PBXBuildFile; fileRef = 7A698545224469ED004BF977 /* NSString+Hash.m */; };
		7A69858A224469EE004BF977 /* NSString+Hash.rtf in Resources */ = {isa = PBXBuildFile; fileRef = 7A698546224469ED004BF977 /* NSString+Hash.rtf */; };
		7A69858C224469EE004BF977 /* TTPopupView.m in Sources */ = {isa = PBXBuildFile; fileRef = 7A69854E224469ED004BF977 /* TTPopupView.m */; };
		7A69858D224469EE004BF977 /* UIView+TTFramePopupView.m in Sources */ = {isa = PBXBuildFile; fileRef = 7A698550224469ED004BF977 /* UIView+TTFramePopupView.m */; };
		7A69858E224469EE004BF977 /* UIViewController+TTPopupView.m in Sources */ = {isa = PBXBuildFile; fileRef = 7A698552224469ED004BF977 /* UIViewController+TTPopupView.m */; };
		7A69858F224469EE004BF977 /* SSKeychain.strings in Resources */ = {isa = PBXBuildFile; fileRef = 7A698556224469ED004BF977 /* SSKeychain.strings */; };
		7A698590224469EE004BF977 /* SSKeychain.m in Sources */ = {isa = PBXBuildFile; fileRef = 7A698559224469ED004BF977 /* SSKeychain.m */; };
		7A698591224469EE004BF977 /* SSKeychainQuery.m in Sources */ = {isa = PBXBuildFile; fileRef = 7A69855B224469ED004BF977 /* SSKeychainQuery.m */; };
		7A698592224469EE004BF977 /* 类的说明书的.rtf in Resources */ = {isa = PBXBuildFile; fileRef = 7A69855C224469ED004BF977 /* 类的说明书的.rtf */; };
		7A698593224469EE004BF977 /* UIButton+WD_Button.m in Sources */ = {isa = PBXBuildFile; fileRef = 7A69855F224469ED004BF977 /* UIButton+WD_Button.m */; };
		7A698594224469EE004BF977 /* UIColor+ZFBAddition.m in Sources */ = {isa = PBXBuildFile; fileRef = 7A698562224469ED004BF977 /* UIColor+ZFBAddition.m */; };
		7A698595224469EE004BF977 /* UIImage+Blur.m in Sources */ = {isa = PBXBuildFile; fileRef = 7A698565224469ED004BF977 /* UIImage+Blur.m */; };
		7A698596224469EE004BF977 /* UIImage+Extension.m in Sources */ = {isa = PBXBuildFile; fileRef = 7A698567224469ED004BF977 /* UIImage+Extension.m */; };
		7A698597224469EE004BF977 /* UIImage+Reduce.m in Sources */ = {isa = PBXBuildFile; fileRef = 7A698569224469ED004BF977 /* UIImage+Reduce.m */; };
		7A698598224469EE004BF977 /* UILabel+HMExtention.m in Sources */ = {isa = PBXBuildFile; fileRef = 7A69856C224469ED004BF977 /* UILabel+HMExtention.m */; };
		7A698599224469EE004BF977 /* UITableView+ZYXIndexTip.m in Sources */ = {isa = PBXBuildFile; fileRef = 7A69856F224469ED004BF977 /* UITableView+ZYXIndexTip.m */; };
		7A69859A224469EE004BF977 /* UIView+CN.m in Sources */ = {isa = PBXBuildFile; fileRef = 7A698572224469ED004BF977 /* UIView+CN.m */; };
		7A69859B224469EE004BF977 /* UIView+PPFFindNavigationController.m in Sources */ = {isa = PBXBuildFile; fileRef = 7A698574224469ED004BF977 /* UIView+PPFFindNavigationController.m */; };
		7A69859C224469EE004BF977 /* UIView+WP.m in Sources */ = {isa = PBXBuildFile; fileRef = 7A698576224469ED004BF977 /* UIView+WP.m */; };
		7A69859D224469EE004BF977 /* MBProgressHUD.m in Sources */ = {isa = PBXBuildFile; fileRef = 7A69857A224469ED004BF977 /* MBProgressHUD.m */; };
/* End PBXBuildFile section */

/* Begin PBXContainerItemProxy section */
		7A69850422446934004BF977 /* PBXContainerItemProxy */ = {
			isa = PBXContainerItemProxy;
			containerPortal = 7A6984E322446934004BF977 /* Project object */;
			proxyType = 1;
			remoteGlobalIDString = 7A6984EA22446934004BF977;
			remoteInfo = "Object-CBaseProject";
		};
		7A69850F22446934004BF977 /* PBXContainerItemProxy */ = {
			isa = PBXContainerItemProxy;
			containerPortal = 7A6984E322446934004BF977 /* Project object */;
			proxyType = 1;
			remoteGlobalIDString = 7A6984EA22446934004BF977;
			remoteInfo = "Object-CBaseProject";
		};
/* End PBXContainerItemProxy section */

/* Begin PBXFileReference section */
		52E07B2822BB2FDC00E02EAD /* NSDictionary+JSON.h */ = {isa = PBXFileReference; fileEncoding = 4; lastKnownFileType = sourcecode.c.h; path = "NSDictionary+JSON.h"; sourceTree = "<group>"; };
		52E07B2922BB2FDC00E02EAD /* NSDictionary+JSON.m */ = {isa = PBXFileReference; fileEncoding = 4; lastKnownFileType = sourcecode.c.objc; path = "NSDictionary+JSON.m"; sourceTree = "<group>"; };
		52E07B2C22BB30A000E02EAD /* UIWindow+ViewController.h */ = {isa = PBXFileReference; fileEncoding = 4; lastKnownFileType = sourcecode.c.h; path = "UIWindow+ViewController.h"; sourceTree = "<group>"; };
		52E07B2D22BB30A000E02EAD /* UIWindow+ViewController.m */ = {isa = PBXFileReference; fileEncoding = 4; lastKnownFileType = sourcecode.c.objc; path = "UIWindow+ViewController.m"; sourceTree = "<group>"; };
		7A6984EB22446934004BF977 /* Object-CBaseProject.app */ = {isa = PBXFileReference; explicitFileType = wrapper.application; includeInIndex = 0; path = "Object-CBaseProject.app"; sourceTree = BUILT_PRODUCTS_DIR; };
		7A6984EE22446934004BF977 /* AppDelegate.h */ = {isa = PBXFileReference; lastKnownFileType = sourcecode.c.h; path = AppDelegate.h; sourceTree = "<group>"; };
		7A6984EF22446934004BF977 /* AppDelegate.m */ = {isa = PBXFileReference; lastKnownFileType = sourcecode.c.objc; path = AppDelegate.m; sourceTree = "<group>"; };
		7A6984F122446934004BF977 /* ViewController.h */ = {isa = PBXFileReference; lastKnownFileType = sourcecode.c.h; path = ViewController.h; sourceTree = "<group>"; };
		7A6984F222446934004BF977 /* ViewController.m */ = {isa = PBXFileReference; lastKnownFileType = sourcecode.c.objc; path = ViewController.m; sourceTree = "<group>"; };
		7A6984F522446934004BF977 /* Base */ = {isa = PBXFileReference; lastKnownFileType = file.storyboard; name = Base; path = Base.lproj/Main.storyboard; sourceTree = "<group>"; };
		7A6984F722446934004BF977 /* Assets.xcassets */ = {isa = PBXFileReference; lastKnownFileType = folder.assetcatalog; path = Assets.xcassets; sourceTree = "<group>"; };
		7A6984FA22446934004BF977 /* Base */ = {isa = PBXFileReference; lastKnownFileType = file.storyboard; name = Base; path = Base.lproj/LaunchScreen.storyboard; sourceTree = "<group>"; };
		7A6984FC22446934004BF977 /* Info.plist */ = {isa = PBXFileReference; lastKnownFileType = text.plist.xml; path = Info.plist; sourceTree = "<group>"; };
		7A6984FD22446934004BF977 /* main.m */ = {isa = PBXFileReference; lastKnownFileType = sourcecode.c.objc; path = main.m; sourceTree = "<group>"; };
		7A69850322446934004BF977 /* Object-CBaseProjectTests.xctest */ = {isa = PBXFileReference; explicitFileType = wrapper.cfbundle; includeInIndex = 0; path = "Object-CBaseProjectTests.xctest"; sourceTree = BUILT_PRODUCTS_DIR; };
		7A69850722446934004BF977 /* Object_CBaseProjectTests.m */ = {isa = PBXFileReference; lastKnownFileType = sourcecode.c.objc; path = Object_CBaseProjectTests.m; sourceTree = "<group>"; };
		7A69850922446934004BF977 /* Info.plist */ = {isa = PBXFileReference; lastKnownFileType = text.plist.xml; path = Info.plist; sourceTree = "<group>"; };
		7A69850E22446934004BF977 /* Object-CBaseProjectUITests.xctest */ = {isa = PBXFileReference; explicitFileType = wrapper.cfbundle; includeInIndex = 0; path = "Object-CBaseProjectUITests.xctest"; sourceTree = BUILT_PRODUCTS_DIR; };
		7A69851222446934004BF977 /* Object_CBaseProjectUITests.m */ = {isa = PBXFileReference; lastKnownFileType = sourcecode.c.objc; path = Object_CBaseProjectUITests.m; sourceTree = "<group>"; };
		7A69851422446934004BF977 /* Info.plist */ = {isa = PBXFileReference; lastKnownFileType = text.plist.xml; path = Info.plist; sourceTree = "<group>"; };
		7A698522224469ED004BF977 /* Aspects.h */ = {isa = PBXFileReference; fileEncoding = 4; lastKnownFileType = sourcecode.c.h; path = Aspects.h; sourceTree = "<group>"; };
		7A698523224469ED004BF977 /* Aspects.m */ = {isa = PBXFileReference; fileEncoding = 4; lastKnownFileType = sourcecode.c.objc; path = Aspects.m; sourceTree = "<group>"; };
		7A698525224469ED004BF977 /* CVAlertTool.h */ = {isa = PBXFileReference; fileEncoding = 4; lastKnownFileType = sourcecode.c.h; path = CVAlertTool.h; sourceTree = "<group>"; };
		7A698526224469ED004BF977 /* CVAlertTool.m */ = {isa = PBXFileReference; fileEncoding = 4; lastKnownFileType = sourcecode.c.objc; path = CVAlertTool.m; sourceTree = "<group>"; };
		7A698527224469ED004BF977 /* UIView+Extension.h */ = {isa = PBXFileReference; fileEncoding = 4; lastKnownFileType = sourcecode.c.h; path = "UIView+Extension.h"; sourceTree = "<group>"; };
		7A698528224469ED004BF977 /* UIView+Extension.m */ = {isa = PBXFileReference; fileEncoding = 4; lastKnownFileType = sourcecode.c.objc; path = "UIView+Extension.m"; sourceTree = "<group>"; };
		7A69852A224469ED004BF977 /* NSArray+Log.h */ = {isa = PBXFileReference; fileEncoding = 4; lastKnownFileType = sourcecode.c.h; path = "NSArray+Log.h"; sourceTree = "<group>"; };
		7A69852B224469ED004BF977 /* NSArray+Log.m */ = {isa = PBXFileReference; fileEncoding = 4; lastKnownFileType = sourcecode.c.objc; path = "NSArray+Log.m"; sourceTree = "<group>"; };
		7A69852C224469ED004BF977 /* NSArray+ZFBAddition.h */ = {isa = PBXFileReference; fileEncoding = 4; lastKnownFileType = sourcecode.c.h; path = "NSArray+ZFBAddition.h"; sourceTree = "<group>"; };
		7A69852D224469ED004BF977 /* NSArray+ZFBAddition.m */ = {isa = PBXFileReference; fileEncoding = 4; lastKnownFileType = sourcecode.c.objc; path = "NSArray+ZFBAddition.m"; sourceTree = "<group>"; };
		7A69852F224469ED004BF977 /* NSAttributedString+ZFBAdditon.h */ = {isa = PBXFileReference; fileEncoding = 4; lastKnownFileType = sourcecode.c.h; path = "NSAttributedString+ZFBAdditon.h"; sourceTree = "<group>"; };
		7A698530224469ED004BF977 /* NSAttributedString+ZFBAdditon.m */ = {isa = PBXFileReference; fileEncoding = 4; lastKnownFileType = sourcecode.c.objc; path = "NSAttributedString+ZFBAdditon.m"; sourceTree = "<group>"; };
		7A698532224469ED004BF977 /* NSDate+CN.h */ = {isa = PBXFileReference; fileEncoding = 4; lastKnownFileType = sourcecode.c.h; path = "NSDate+CN.h"; sourceTree = "<group>"; };
		7A698533224469ED004BF977 /* NSDate+CN.m */ = {isa = PBXFileReference; fileEncoding = 4; lastKnownFileType = sourcecode.c.objc; path = "NSDate+CN.m"; sourceTree = "<group>"; };
		7A698534224469ED004BF977 /* NSDate+Extension.h */ = {isa = PBXFileReference; fileEncoding = 4; lastKnownFileType = sourcecode.c.h; path = "NSDate+Extension.h"; sourceTree = "<group>"; };
		7A698535224469ED004BF977 /* NSDate+Extension.m */ = {isa = PBXFileReference; fileEncoding = 4; lastKnownFileType = sourcecode.c.objc; path = "NSDate+Extension.m"; sourceTree = "<group>"; };
		7A698537224469ED004BF977 /* NSObject+Base.h */ = {isa = PBXFileReference; fileEncoding = 4; lastKnownFileType = sourcecode.c.h; path = "NSObject+Base.h"; sourceTree = "<group>"; };
		7A698538224469ED004BF977 /* NSObject+Base.m */ = {isa = PBXFileReference; fileEncoding = 4; lastKnownFileType = sourcecode.c.objc; path = "NSObject+Base.m"; sourceTree = "<group>"; };
		7A698539224469ED004BF977 /* NSObject+ConversionJson.h */ = {isa = PBXFileReference; fileEncoding = 4; lastKnownFileType = sourcecode.c.h; path = "NSObject+ConversionJson.h"; sourceTree = "<group>"; };
		7A69853A224469ED004BF977 /* NSObject+ConversionJson.m */ = {isa = PBXFileReference; fileEncoding = 4; lastKnownFileType = sourcecode.c.objc; path = "NSObject+ConversionJson.m"; sourceTree = "<group>"; };
		7A69853B224469ED004BF977 /* NSObject+PPFProductCategory.h */ = {isa = PBXFileReference; fileEncoding = 4; lastKnownFileType = sourcecode.c.h; path = "NSObject+PPFProductCategory.h"; sourceTree = "<group>"; };
		7A69853C224469ED004BF977 /* NSObject+PPFProductCategory.m */ = {isa = PBXFileReference; fileEncoding = 4; lastKnownFileType = sourcecode.c.objc; path = "NSObject+PPFProductCategory.m"; sourceTree = "<group>"; };
		7A69853D224469ED004BF977 /* UtilityFunc.h */ = {isa = PBXFileReference; fileEncoding = 4; lastKnownFileType = sourcecode.c.h; path = UtilityFunc.h; sourceTree = "<group>"; };
		7A69853E224469ED004BF977 /* UtilityFunc.m */ = {isa = PBXFileReference; fileEncoding = 4; lastKnownFileType = sourcecode.c.objc; path = UtilityFunc.m; sourceTree = "<group>"; };
		7A698540224469ED004BF977 /* NSObject+ConversionJson.h */ = {isa = PBXFileReference; fileEncoding = 4; lastKnownFileType = sourcecode.c.h; path = "NSObject+ConversionJson.h"; sourceTree = "<group>"; };
		7A698541224469ED004BF977 /* NSObject+ConversionJson.m */ = {isa = PBXFileReference; fileEncoding = 4; lastKnownFileType = sourcecode.c.objc; path = "NSObject+ConversionJson.m"; sourceTree = "<group>"; };
		7A698542224469ED004BF977 /* NSString+CN.h */ = {isa = PBXFileReference; fileEncoding = 4; lastKnownFileType = sourcecode.c.h; path = "NSString+CN.h"; sourceTree = "<group>"; };
		7A698543224469ED004BF977 /* NSString+CN.m */ = {isa = PBXFileReference; fileEncoding = 4; lastKnownFileType = sourcecode.c.objc; path = "NSString+CN.m"; sourceTree = "<group>"; };
		7A698544224469ED004BF977 /* NSString+Hash.h */ = {isa = PBXFileReference; fileEncoding = 4; lastKnownFileType = sourcecode.c.h; path = "NSString+Hash.h"; sourceTree = "<group>"; };
		7A698545224469ED004BF977 /* NSString+Hash.m */ = {isa = PBXFileReference; fileEncoding = 4; lastKnownFileType = sourcecode.c.objc; path = "NSString+Hash.m"; sourceTree = "<group>"; };
		7A698546224469ED004BF977 /* NSString+Hash.rtf */ = {isa = PBXFileReference; fileEncoding = 4; lastKnownFileType = text.rtf; path = "NSString+Hash.rtf"; sourceTree = "<group>"; };
		7A69854B224469ED004BF977 /* ZFBAddition.h */ = {isa = PBXFileReference; fileEncoding = 4; lastKnownFileType = sourcecode.c.h; path = ZFBAddition.h; sourceTree = "<group>"; };
		7A69854D224469ED004BF977 /* TTPopupView.h */ = {isa = PBXFileReference; fileEncoding = 4; lastKnownFileType = sourcecode.c.h; path = TTPopupView.h; sourceTree = "<group>"; };
		7A69854E224469ED004BF977 /* TTPopupView.m */ = {isa = PBXFileReference; fileEncoding = 4; lastKnownFileType = sourcecode.c.objc; path = TTPopupView.m; sourceTree = "<group>"; };
		7A69854F224469ED004BF977 /* UIView+TTFramePopupView.h */ = {isa = PBXFileReference; fileEncoding = 4; lastKnownFileType = sourcecode.c.h; path = "UIView+TTFramePopupView.h"; sourceTree = "<group>"; };
		7A698550224469ED004BF977 /* UIView+TTFramePopupView.m */ = {isa = PBXFileReference; fileEncoding = 4; lastKnownFileType = sourcecode.c.objc; path = "UIView+TTFramePopupView.m"; sourceTree = "<group>"; };
		7A698551224469ED004BF977 /* UIViewController+TTPopupView.h */ = {isa = PBXFileReference; fileEncoding = 4; lastKnownFileType = sourcecode.c.h; path = "UIViewController+TTPopupView.h"; sourceTree = "<group>"; };
		7A698552224469ED004BF977 /* UIViewController+TTPopupView.m */ = {isa = PBXFileReference; fileEncoding = 4; lastKnownFileType = sourcecode.c.objc; path = "UIViewController+TTPopupView.m"; sourceTree = "<group>"; };
		7A698554224469ED004BF977 /* ZWSingleton.h */ = {isa = PBXFileReference; fileEncoding = 4; lastKnownFileType = sourcecode.c.h; path = ZWSingleton.h; sourceTree = "<group>"; };
		7A698557224469ED004BF977 /* en */ = {isa = PBXFileReference; lastKnownFileType = text.plist.strings; name = en; path = en.lproj/SSKeychain.strings; sourceTree = "<group>"; };
		7A698558224469ED004BF977 /* SSKeychain.h */ = {isa = PBXFileReference; fileEncoding = 4; lastKnownFileType = sourcecode.c.h; path = SSKeychain.h; sourceTree = "<group>"; };
		7A698559224469ED004BF977 /* SSKeychain.m */ = {isa = PBXFileReference; fileEncoding = 4; lastKnownFileType = sourcecode.c.objc; path = SSKeychain.m; sourceTree = "<group>"; };
		7A69855A224469ED004BF977 /* SSKeychainQuery.h */ = {isa = PBXFileReference; fileEncoding = 4; lastKnownFileType = sourcecode.c.h; path = SSKeychainQuery.h; sourceTree = "<group>"; };
		7A69855B224469ED004BF977 /* SSKeychainQuery.m */ = {isa = PBXFileReference; fileEncoding = 4; lastKnownFileType = sourcecode.c.objc; path = SSKeychainQuery.m; sourceTree = "<group>"; };
		7A69855C224469ED004BF977 /* 类的说明书的.rtf */ = {isa = PBXFileReference; fileEncoding = 4; lastKnownFileType = text.rtf; path = "类的说明书的.rtf"; sourceTree = "<group>"; };
		7A69855E224469ED004BF977 /* UIButton+WD_Button.h */ = {isa = PBXFileReference; fileEncoding = 4; lastKnownFileType = sourcecode.c.h; path = "UIButton+WD_Button.h"; sourceTree = "<group>"; };
		7A69855F224469ED004BF977 /* UIButton+WD_Button.m */ = {isa = PBXFileReference; fileEncoding = 4; lastKnownFileType = sourcecode.c.objc; path = "UIButton+WD_Button.m"; sourceTree = "<group>"; };
		7A698561224469ED004BF977 /* UIColor+ZFBAddition.h */ = {isa = PBXFileReference; fileEncoding = 4; lastKnownFileType = sourcecode.c.h; path = "UIColor+ZFBAddition.h"; sourceTree = "<group>"; };
		7A698562224469ED004BF977 /* UIColor+ZFBAddition.m */ = {isa = PBXFileReference; fileEncoding = 4; lastKnownFileType = sourcecode.c.objc; path = "UIColor+ZFBAddition.m"; sourceTree = "<group>"; };
		7A698564224469ED004BF977 /* UIImage+Blur.h */ = {isa = PBXFileReference; fileEncoding = 4; lastKnownFileType = sourcecode.c.h; path = "UIImage+Blur.h"; sourceTree = "<group>"; };
		7A698565224469ED004BF977 /* UIImage+Blur.m */ = {isa = PBXFileReference; fileEncoding = 4; lastKnownFileType = sourcecode.c.objc; path = "UIImage+Blur.m"; sourceTree = "<group>"; };
		7A698566224469ED004BF977 /* UIImage+Extension.h */ = {isa = PBXFileReference; fileEncoding = 4; lastKnownFileType = sourcecode.c.h; path = "UIImage+Extension.h"; sourceTree = "<group>"; };
		7A698567224469ED004BF977 /* UIImage+Extension.m */ = {isa = PBXFileReference; fileEncoding = 4; lastKnownFileType = sourcecode.c.objc; path = "UIImage+Extension.m"; sourceTree = "<group>"; };
		7A698568224469ED004BF977 /* UIImage+Reduce.h */ = {isa = PBXFileReference; fileEncoding = 4; lastKnownFileType = sourcecode.c.h; path = "UIImage+Reduce.h"; sourceTree = "<group>"; };
		7A698569224469ED004BF977 /* UIImage+Reduce.m */ = {isa = PBXFileReference; fileEncoding = 4; lastKnownFileType = sourcecode.c.objc; path = "UIImage+Reduce.m"; sourceTree = "<group>"; };
		7A69856B224469ED004BF977 /* UILabel+HMExtention.h */ = {isa = PBXFileReference; fileEncoding = 4; lastKnownFileType = sourcecode.c.h; path = "UILabel+HMExtention.h"; sourceTree = "<group>"; };
		7A69856C224469ED004BF977 /* UILabel+HMExtention.m */ = {isa = PBXFileReference; fileEncoding = 4; lastKnownFileType = sourcecode.c.objc; path = "UILabel+HMExtention.m"; sourceTree = "<group>"; };
		7A69856E224469ED004BF977 /* UITableView+ZYXIndexTip.h */ = {isa = PBXFileReference; fileEncoding = 4; lastKnownFileType = sourcecode.c.h; path = "UITableView+ZYXIndexTip.h"; sourceTree = "<group>"; };
		7A69856F224469ED004BF977 /* UITableView+ZYXIndexTip.m */ = {isa = PBXFileReference; fileEncoding = 4; lastKnownFileType = sourcecode.c.objc; path = "UITableView+ZYXIndexTip.m"; sourceTree = "<group>"; };
		7A698571224469ED004BF977 /* UIView+CN.h */ = {isa = PBXFileReference; fileEncoding = 4; lastKnownFileType = sourcecode.c.h; path = "UIView+CN.h"; sourceTree = "<group>"; };
		7A698572224469ED004BF977 /* UIView+CN.m */ = {isa = PBXFileReference; fileEncoding = 4; lastKnownFileType = sourcecode.c.objc; path = "UIView+CN.m"; sourceTree = "<group>"; };
		7A698573224469ED004BF977 /* UIView+PPFFindNavigationController.h */ = {isa = PBXFileReference; fileEncoding = 4; lastKnownFileType = sourcecode.c.h; path = "UIView+PPFFindNavigationController.h"; sourceTree = "<group>"; };
		7A698574224469ED004BF977 /* UIView+PPFFindNavigationController.m */ = {isa = PBXFileReference; fileEncoding = 4; lastKnownFileType = sourcecode.c.objc; path = "UIView+PPFFindNavigationController.m"; sourceTree = "<group>"; };
		7A698575224469ED004BF977 /* UIView+WP.h */ = {isa = PBXFileReference; fileEncoding = 4; lastKnownFileType = sourcecode.c.h; path = "UIView+WP.h"; sourceTree = "<group>"; };
		7A698576224469ED004BF977 /* UIView+WP.m */ = {isa = PBXFileReference; fileEncoding = 4; lastKnownFileType = sourcecode.c.objc; path = "UIView+WP.m"; sourceTree = "<group>"; };
		7A698579224469ED004BF977 /* MBProgressHUD.h */ = {isa = PBXFileReference; fileEncoding = 4; lastKnownFileType = sourcecode.c.h; path = MBProgressHUD.h; sourceTree = "<group>"; };
		7A69857A224469ED004BF977 /* MBProgressHUD.m */ = {isa = PBXFileReference; fileEncoding = 4; lastKnownFileType = sourcecode.c.objc; path = MBProgressHUD.m; sourceTree = "<group>"; };
/* End PBXFileReference section */

/* Begin PBXFrameworksBuildPhase section */
		7A6984E822446934004BF977 /* Frameworks */ = {
			isa = PBXFrameworksBuildPhase;
			buildActionMask = 2147483647;
			files = (
			);
			runOnlyForDeploymentPostprocessing = 0;
		};
		7A69850022446934004BF977 /* Frameworks */ = {
			isa = PBXFrameworksBuildPhase;
			buildActionMask = 2147483647;
			files = (
			);
			runOnlyForDeploymentPostprocessing = 0;
		};
		7A69850B22446934004BF977 /* Frameworks */ = {
			isa = PBXFrameworksBuildPhase;
			buildActionMask = 2147483647;
			files = (
			);
			runOnlyForDeploymentPostprocessing = 0;
		};
/* End PBXFrameworksBuildPhase section */

/* Begin PBXGroup section */
		52E07B2722BB2F9700E02EAD /* NSDictionary */ = {
			isa = PBXGroup;
			children = (
				52E07B2822BB2FDC00E02EAD /* NSDictionary+JSON.h */,
				52E07B2922BB2FDC00E02EAD /* NSDictionary+JSON.m */,
			);
			path = NSDictionary;
			sourceTree = "<group>";
		};
		52E07B2B22BB305900E02EAD /* UIWindow */ = {
			isa = PBXGroup;
			children = (
				52E07B2C22BB30A000E02EAD /* UIWindow+ViewController.h */,
				52E07B2D22BB30A000E02EAD /* UIWindow+ViewController.m */,
			);
			path = UIWindow;
			sourceTree = "<group>";
		};
		7A6984E222446934004BF977 = {
			isa = PBXGroup;
			children = (
				7A6984ED22446934004BF977 /* Object-CBaseProject */,
				7A69850622446934004BF977 /* Object-CBaseProjectTests */,
				7A69851122446934004BF977 /* Object-CBaseProjectUITests */,
				7A6984EC22446934004BF977 /* Products */,
			);
			sourceTree = "<group>";
		};
		7A6984EC22446934004BF977 /* Products */ = {
			isa = PBXGroup;
			children = (
				7A6984EB22446934004BF977 /* Object-CBaseProject.app */,
				7A69850322446934004BF977 /* Object-CBaseProjectTests.xctest */,
				7A69850E22446934004BF977 /* Object-CBaseProjectUITests.xctest */,
			);
			name = Products;
			sourceTree = "<group>";
		};
		7A6984ED22446934004BF977 /* Object-CBaseProject */ = {
			isa = PBXGroup;
			children = (
				7A698520224469ED004BF977 /* Extension+OC */,
				7A6984EE22446934004BF977 /* AppDelegate.h */,
				7A6984EF22446934004BF977 /* AppDelegate.m */,
				7A6984F122446934004BF977 /* ViewController.h */,
				7A6984F222446934004BF977 /* ViewController.m */,
				7A6984F422446934004BF977 /* Main.storyboard */,
				7A6984F722446934004BF977 /* Assets.xcassets */,
				7A6984F922446934004BF977 /* LaunchScreen.storyboard */,
				7A6984FC22446934004BF977 /* Info.plist */,
				7A6984FD22446934004BF977 /* main.m */,
			);
			path = "Object-CBaseProject";
			sourceTree = "<group>";
		};
		7A69850622446934004BF977 /* Object-CBaseProjectTests */ = {
			isa = PBXGroup;
			children = (
				7A69850722446934004BF977 /* Object_CBaseProjectTests.m */,
				7A69850922446934004BF977 /* Info.plist */,
			);
			path = "Object-CBaseProjectTests";
			sourceTree = "<group>";
		};
		7A69851122446934004BF977 /* Object-CBaseProjectUITests */ = {
			isa = PBXGroup;
			children = (
				7A69851222446934004BF977 /* Object_CBaseProjectUITests.m */,
				7A69851422446934004BF977 /* Info.plist */,
			);
			path = "Object-CBaseProjectUITests";
			sourceTree = "<group>";
		};
		7A698520224469ED004BF977 /* Extension+OC */ = {
			isa = PBXGroup;
			children = (
				52E07B2B22BB305900E02EAD /* UIWindow */,
				52E07B2722BB2F9700E02EAD /* NSDictionary */,
				7A698521224469ED004BF977 /* Aspects */,
				7A698524224469ED004BF977 /* helpers */,
				7A698529224469ED004BF977 /* NSArray */,
				7A69852E224469ED004BF977 /* NSAtteibute */,
				7A698531224469ED004BF977 /* NSDate */,
				7A698536224469ED004BF977 /* NSObject */,
				7A69853F224469ED004BF977 /* NSString */,
				7A69854A224469ED004BF977 /* OK_END */,
				7A69854C224469ED004BF977 /* popview */,
				7A698553224469ED004BF977 /* Singleton */,
				7A698555224469ED004BF977 /* SSKeychain */,
				7A69855D224469ED004BF977 /* UIButton */,
				7A698560224469ED004BF977 /* UIColor */,
				7A698563224469ED004BF977 /* UIImage */,
				7A69856A224469ED004BF977 /* UILable */,
				7A69856D224469ED004BF977 /* UITableView */,
				7A698570224469ED004BF977 /* UIView */,
				7A698577224469ED004BF977 /* verdors */,
			);
			path = "Extension+OC";
			sourceTree = "<group>";
		};
		7A698521224469ED004BF977 /* Aspects */ = {
			isa = PBXGroup;
			children = (
				7A698522224469ED004BF977 /* Aspects.h */,
				7A698523224469ED004BF977 /* Aspects.m */,
			);
			path = Aspects;
			sourceTree = "<group>";
		};
		7A698524224469ED004BF977 /* helpers */ = {
			isa = PBXGroup;
			children = (
				7A698525224469ED004BF977 /* CVAlertTool.h */,
				7A698526224469ED004BF977 /* CVAlertTool.m */,
				7A698527224469ED004BF977 /* UIView+Extension.h */,
				7A698528224469ED004BF977 /* UIView+Extension.m */,
			);
			path = helpers;
			sourceTree = "<group>";
		};
		7A698529224469ED004BF977 /* NSArray */ = {
			isa = PBXGroup;
			children = (
				7A69852A224469ED004BF977 /* NSArray+Log.h */,
				7A69852B224469ED004BF977 /* NSArray+Log.m */,
				7A69852C224469ED004BF977 /* NSArray+ZFBAddition.h */,
				7A69852D224469ED004BF977 /* NSArray+ZFBAddition.m */,
			);
			path = NSArray;
			sourceTree = "<group>";
		};
		7A69852E224469ED004BF977 /* NSAtteibute */ = {
			isa = PBXGroup;
			children = (
				7A69852F224469ED004BF977 /* NSAttributedString+ZFBAdditon.h */,
				7A698530224469ED004BF977 /* NSAttributedString+ZFBAdditon.m */,
			);
			path = NSAtteibute;
			sourceTree = "<group>";
		};
		7A698531224469ED004BF977 /* NSDate */ = {
			isa = PBXGroup;
			children = (
				7A698532224469ED004BF977 /* NSDate+CN.h */,
				7A698533224469ED004BF977 /* NSDate+CN.m */,
				7A698534224469ED004BF977 /* NSDate+Extension.h */,
				7A698535224469ED004BF977 /* NSDate+Extension.m */,
			);
			path = NSDate;
			sourceTree = "<group>";
		};
		7A698536224469ED004BF977 /* NSObject */ = {
			isa = PBXGroup;
			children = (
				7A698537224469ED004BF977 /* NSObject+Base.h */,
				7A698538224469ED004BF977 /* NSObject+Base.m */,
				7A698539224469ED004BF977 /* NSObject+ConversionJson.h */,
				7A69853A224469ED004BF977 /* NSObject+ConversionJson.m */,
				7A69853B224469ED004BF977 /* NSObject+PPFProductCategory.h */,
				7A69853C224469ED004BF977 /* NSObject+PPFProductCategory.m */,
				7A69853D224469ED004BF977 /* UtilityFunc.h */,
				7A69853E224469ED004BF977 /* UtilityFunc.m */,
			);
			path = NSObject;
			sourceTree = "<group>";
		};
		7A69853F224469ED004BF977 /* NSString */ = {
			isa = PBXGroup;
			children = (
				7A698540224469ED004BF977 /* NSObject+ConversionJson.h */,
				7A698541224469ED004BF977 /* NSObject+ConversionJson.m */,
				7A698542224469ED004BF977 /* NSString+CN.h */,
				7A698543224469ED004BF977 /* NSString+CN.m */,
				7A698544224469ED004BF977 /* NSString+Hash.h */,
				7A698545224469ED004BF977 /* NSString+Hash.m */,
				7A698546224469ED004BF977 /* NSString+Hash.rtf */,
			);
			path = NSString;
			sourceTree = "<group>";
		};
		7A69854A224469ED004BF977 /* OK_END */ = {
			isa = PBXGroup;
			children = (
				7A69854B224469ED004BF977 /* ZFBAddition.h */,
			);
			path = OK_END;
			sourceTree = "<group>";
		};
		7A69854C224469ED004BF977 /* popview */ = {
			isa = PBXGroup;
			children = (
				7A69854D224469ED004BF977 /* TTPopupView.h */,
				7A69854E224469ED004BF977 /* TTPopupView.m */,
				7A69854F224469ED004BF977 /* UIView+TTFramePopupView.h */,
				7A698550224469ED004BF977 /* UIView+TTFramePopupView.m */,
				7A698551224469ED004BF977 /* UIViewController+TTPopupView.h */,
				7A698552224469ED004BF977 /* UIViewController+TTPopupView.m */,
			);
			path = popview;
			sourceTree = "<group>";
		};
		7A698553224469ED004BF977 /* Singleton */ = {
			isa = PBXGroup;
			children = (
				7A698554224469ED004BF977 /* ZWSingleton.h */,
			);
			path = Singleton;
			sourceTree = "<group>";
		};
		7A698555224469ED004BF977 /* SSKeychain */ = {
			isa = PBXGroup;
			children = (
				7A698556224469ED004BF977 /* SSKeychain.strings */,
				7A698558224469ED004BF977 /* SSKeychain.h */,
				7A698559224469ED004BF977 /* SSKeychain.m */,
				7A69855A224469ED004BF977 /* SSKeychainQuery.h */,
				7A69855B224469ED004BF977 /* SSKeychainQuery.m */,
				7A69855C224469ED004BF977 /* 类的说明书的.rtf */,
			);
			path = SSKeychain;
			sourceTree = "<group>";
		};
		7A69855D224469ED004BF977 /* UIButton */ = {
			isa = PBXGroup;
			children = (
				7A69855E224469ED004BF977 /* UIButton+WD_Button.h */,
				7A69855F224469ED004BF977 /* UIButton+WD_Button.m */,
			);
			path = UIButton;
			sourceTree = "<group>";
		};
		7A698560224469ED004BF977 /* UIColor */ = {
			isa = PBXGroup;
			children = (
				7A698561224469ED004BF977 /* UIColor+ZFBAddition.h */,
				7A698562224469ED004BF977 /* UIColor+ZFBAddition.m */,
			);
			path = UIColor;
			sourceTree = "<group>";
		};
		7A698563224469ED004BF977 /* UIImage */ = {
			isa = PBXGroup;
			children = (
				7A698564224469ED004BF977 /* UIImage+Blur.h */,
				7A698565224469ED004BF977 /* UIImage+Blur.m */,
				7A698566224469ED004BF977 /* UIImage+Extension.h */,
				7A698567224469ED004BF977 /* UIImage+Extension.m */,
				7A698568224469ED004BF977 /* UIImage+Reduce.h */,
				7A698569224469ED004BF977 /* UIImage+Reduce.m */,
			);
			path = UIImage;
			sourceTree = "<group>";
		};
		7A69856A224469ED004BF977 /* UILable */ = {
			isa = PBXGroup;
			children = (
				7A69856B224469ED004BF977 /* UILabel+HMExtention.h */,
				7A69856C224469ED004BF977 /* UILabel+HMExtention.m */,
			);
			path = UILable;
			sourceTree = "<group>";
		};
		7A69856D224469ED004BF977 /* UITableView */ = {
			isa = PBXGroup;
			children = (
				7A69856E224469ED004BF977 /* UITableView+ZYXIndexTip.h */,
				7A69856F224469ED004BF977 /* UITableView+ZYXIndexTip.m */,
			);
			path = UITableView;
			sourceTree = "<group>";
		};
		7A698570224469ED004BF977 /* UIView */ = {
			isa = PBXGroup;
			children = (
				7A698571224469ED004BF977 /* UIView+CN.h */,
				7A698572224469ED004BF977 /* UIView+CN.m */,
				7A698573224469ED004BF977 /* UIView+PPFFindNavigationController.h */,
				7A698574224469ED004BF977 /* UIView+PPFFindNavigationController.m */,
				7A698575224469ED004BF977 /* UIView+WP.h */,
				7A698576224469ED004BF977 /* UIView+WP.m */,
			);
			path = UIView;
			sourceTree = "<group>";
		};
		7A698577224469ED004BF977 /* verdors */ = {
			isa = PBXGroup;
			children = (
				7A698578224469ED004BF977 /* progress */,
			);
			path = verdors;
			sourceTree = "<group>";
		};
		7A698578224469ED004BF977 /* progress */ = {
			isa = PBXGroup;
			children = (
				7A698579224469ED004BF977 /* MBProgressHUD.h */,
				7A69857A224469ED004BF977 /* MBProgressHUD.m */,
			);
			path = progress;
			sourceTree = "<group>";
		};
/* End PBXGroup section */

/* Begin PBXNativeTarget section */
		7A6984EA22446934004BF977 /* Object-CBaseProject */ = {
			isa = PBXNativeTarget;
			buildConfigurationList = 7A69851722446934004BF977 /* Build configuration list for PBXNativeTarget "Object-CBaseProject" */;
			buildPhases = (
				7A6984E722446934004BF977 /* Sources */,
				7A6984E822446934004BF977 /* Frameworks */,
				7A6984E922446934004BF977 /* Resources */,
			);
			buildRules = (
			);
			dependencies = (
			);
			name = "Object-CBaseProject";
			productName = "Object-CBaseProject";
			productReference = 7A6984EB22446934004BF977 /* Object-CBaseProject.app */;
			productType = "com.apple.product-type.application";
		};
		7A69850222446934004BF977 /* Object-CBaseProjectTests */ = {
			isa = PBXNativeTarget;
			buildConfigurationList = 7A69851A22446934004BF977 /* Build configuration list for PBXNativeTarget "Object-CBaseProjectTests" */;
			buildPhases = (
				7A6984FF22446934004BF977 /* Sources */,
				7A69850022446934004BF977 /* Frameworks */,
				7A69850122446934004BF977 /* Resources */,
			);
			buildRules = (
			);
			dependencies = (
				7A69850522446934004BF977 /* PBXTargetDependency */,
			);
			name = "Object-CBaseProjectTests";
			productName = "Object-CBaseProjectTests";
			productReference = 7A69850322446934004BF977 /* Object-CBaseProjectTests.xctest */;
			productType = "com.apple.product-type.bundle.unit-test";
		};
		7A69850D22446934004BF977 /* Object-CBaseProjectUITests */ = {
			isa = PBXNativeTarget;
			buildConfigurationList = 7A69851D22446934004BF977 /* Build configuration list for PBXNativeTarget "Object-CBaseProjectUITests" */;
			buildPhases = (
				7A69850A22446934004BF977 /* Sources */,
				7A69850B22446934004BF977 /* Frameworks */,
				7A69850C22446934004BF977 /* Resources */,
			);
			buildRules = (
			);
			dependencies = (
				7A69851022446934004BF977 /* PBXTargetDependency */,
			);
			name = "Object-CBaseProjectUITests";
			productName = "Object-CBaseProjectUITests";
			productReference = 7A69850E22446934004BF977 /* Object-CBaseProjectUITests.xctest */;
			productType = "com.apple.product-type.bundle.ui-testing";
		};
/* End PBXNativeTarget section */

/* Begin PBXProject section */
		7A6984E322446934004BF977 /* Project object */ = {
			isa = PBXProject;
			attributes = {
				LastUpgradeCheck = 1010;
				ORGANIZATIONNAME = WangDan;
				TargetAttributes = {
					7A6984EA22446934004BF977 = {
						CreatedOnToolsVersion = 10.1;
					};
					7A69850222446934004BF977 = {
						CreatedOnToolsVersion = 10.1;
						TestTargetID = 7A6984EA22446934004BF977;
					};
					7A69850D22446934004BF977 = {
						CreatedOnToolsVersion = 10.1;
						TestTargetID = 7A6984EA22446934004BF977;
					};
				};
			};
			buildConfigurationList = 7A6984E622446934004BF977 /* Build configuration list for PBXProject "Object-CBaseProject" */;
			compatibilityVersion = "Xcode 9.3";
			developmentRegion = en;
			hasScannedForEncodings = 0;
			knownRegions = (
				en,
				Base,
			);
			mainGroup = 7A6984E222446934004BF977;
			productRefGroup = 7A6984EC22446934004BF977 /* Products */;
			projectDirPath = "";
			projectRoot = "";
			targets = (
				7A6984EA22446934004BF977 /* Object-CBaseProject */,
				7A69850222446934004BF977 /* Object-CBaseProjectTests */,
				7A69850D22446934004BF977 /* Object-CBaseProjectUITests */,
			);
		};
/* End PBXProject section */

/* Begin PBXResourcesBuildPhase section */
		7A6984E922446934004BF977 /* Resources */ = {
			isa = PBXResourcesBuildPhase;
			buildActionMask = 2147483647;
			files = (
				7A69858F224469EE004BF977 /* SSKeychain.strings in Resources */,
				7A6984FB22446934004BF977 /* LaunchScreen.storyboard in Resources */,
				7A6984F822446934004BF977 /* Assets.xcassets in Resources */,
				7A69858A224469EE004BF977 /* NSString+Hash.rtf in Resources */,
				7A6984F622446934004BF977 /* Main.storyboard in Resources */,
				7A698592224469EE004BF977 /* 类的说明书的.rtf in Resources */,
			);
			runOnlyForDeploymentPostprocessing = 0;
		};
		7A69850122446934004BF977 /* Resources */ = {
			isa = PBXResourcesBuildPhase;
			buildActionMask = 2147483647;
			files = (
			);
			runOnlyForDeploymentPostprocessing = 0;
		};
		7A69850C22446934004BF977 /* Resources */ = {
			isa = PBXResourcesBuildPhase;
			buildActionMask = 2147483647;
			files = (
			);
			runOnlyForDeploymentPostprocessing = 0;
		};
/* End PBXResourcesBuildPhase section */

/* Begin PBXSourcesBuildPhase section */
		7A6984E722446934004BF977 /* Sources */ = {
			isa = PBXSourcesBuildPhase;
			buildActionMask = 2147483647;
			files = (
				7A69857D224469EE004BF977 /* UIView+Extension.m in Sources */,
				7A69858D224469EE004BF977 /* UIView+TTFramePopupView.m in Sources */,
				7A698594224469EE004BF977 /* UIColor+ZFBAddition.m in Sources */,
				7A69857F224469EE004BF977 /* NSArray+ZFBAddition.m in Sources */,
				7A698597224469EE004BF977 /* UIImage+Reduce.m in Sources */,
				7A698588224469EE004BF977 /* NSString+CN.m in Sources */,
				7A698591224469EE004BF977 /* SSKeychainQuery.m in Sources */,
				7A698582224469EE004BF977 /* NSDate+Extension.m in Sources */,
				7A69857E224469EE004BF977 /* NSArray+Log.m in Sources */,
				7A698585224469EE004BF977 /* NSObject+PPFProductCategory.m in Sources */,
				7A698595224469EE004BF977 /* UIImage+Blur.m in Sources */,
				7A698583224469EE004BF977 /* NSObject+Base.m in Sources */,
				7A698581224469EE004BF977 /* NSDate+CN.m in Sources */,
				7A698587224469EE004BF977 /* NSObject+ConversionJson.m in Sources */,
				7A698593224469EE004BF977 /* UIButton+WD_Button.m in Sources */,
				7A6984F322446934004BF977 /* ViewController.m in Sources */,
				7A698599224469EE004BF977 /* UITableView+ZYXIndexTip.m in Sources */,
				7A698596224469EE004BF977 /* UIImage+Extension.m in Sources */,
				7A698598224469EE004BF977 /* UILabel+HMExtention.m in Sources */,
				7A69858E224469EE004BF977 /* UIViewController+TTPopupView.m in Sources */,
				52E07B2E22BB30A000E02EAD /* UIWindow+ViewController.m in Sources */,
				7A69858C224469EE004BF977 /* TTPopupView.m in Sources */,
				7A6984FE22446934004BF977 /* main.m in Sources */,
				7A69859B224469EE004BF977 /* UIView+PPFFindNavigationController.m in Sources */,
				7A69857C224469ED004BF977 /* CVAlertTool.m in Sources */,
				7A698580224469EE004BF977 /* NSAttributedString+ZFBAdditon.m in Sources */,
				7A698589224469EE004BF977 /* NSString+Hash.m in Sources */,
				7A69859D224469EE004BF977 /* MBProgressHUD.m in Sources */,
				7A698586224469EE004BF977 /* UtilityFunc.m in Sources */,
				7A69859A224469EE004BF977 /* UIView+CN.m in Sources */,
				7A69859C224469EE004BF977 /* UIView+WP.m in Sources */,
				7A698584224469EE004BF977 /* NSObject+ConversionJson.m in Sources */,
				52E07B2A22BB2FDC00E02EAD /* NSDictionary+JSON.m in Sources */,
				7A6984F022446934004BF977 /* AppDelegate.m in Sources */,
				7A698590224469EE004BF977 /* SSKeychain.m in Sources */,
				7A69857B224469ED004BF977 /* Aspects.m in Sources */,
			);
			runOnlyForDeploymentPostprocessing = 0;
		};
		7A6984FF22446934004BF977 /* Sources */ = {
			isa = PBXSourcesBuildPhase;
			buildActionMask = 2147483647;
			files = (
				7A69850822446934004BF977 /* Object_CBaseProjectTests.m in Sources */,
			);
			runOnlyForDeploymentPostprocessing = 0;
		};
		7A69850A22446934004BF977 /* Sources */ = {
			isa = PBXSourcesBuildPhase;
			buildActionMask = 2147483647;
			files = (
				7A69851322446934004BF977 /* Object_CBaseProjectUITests.m in Sources */,
			);
			runOnlyForDeploymentPostprocessing = 0;
		};
/* End PBXSourcesBuildPhase section */

/* Begin PBXTargetDependency section */
		7A69850522446934004BF977 /* PBXTargetDependency */ = {
			isa = PBXTargetDependency;
			target = 7A6984EA22446934004BF977 /* Object-CBaseProject */;
			targetProxy = 7A69850422446934004BF977 /* PBXContainerItemProxy */;
		};
		7A69851022446934004BF977 /* PBXTargetDependency */ = {
			isa = PBXTargetDependency;
			target = 7A6984EA22446934004BF977 /* Object-CBaseProject */;
			targetProxy = 7A69850F22446934004BF977 /* PBXContainerItemProxy */;
		};
/* End PBXTargetDependency section */

/* Begin PBXVariantGroup section */
		7A6984F422446934004BF977 /* Main.storyboard */ = {
			isa = PBXVariantGroup;
			children = (
				7A6984F522446934004BF977 /* Base */,
			);
			name = Main.storyboard;
			sourceTree = "<group>";
		};
		7A6984F922446934004BF977 /* LaunchScreen.storyboard */ = {
			isa = PBXVariantGroup;
			children = (
				7A6984FA22446934004BF977 /* Base */,
			);
			name = LaunchScreen.storyboard;
			sourceTree = "<group>";
		};
		7A698556224469ED004BF977 /* SSKeychain.strings */ = {
			isa = PBXVariantGroup;
			children = (
				7A698557224469ED004BF977 /* en */,
			);
			name = SSKeychain.strings;
			sourceTree = "<group>";
		};
/* End PBXVariantGroup section */

/* Begin XCBuildConfiguration section */
		7A69851522446934004BF977 /* Debug */ = {
			isa = XCBuildConfiguration;
			buildSettings = {
				ALWAYS_SEARCH_USER_PATHS = NO;
				CLANG_ANALYZER_NONNULL = YES;
				CLANG_ANALYZER_NUMBER_OBJECT_CONVERSION = YES_AGGRESSIVE;
				CLANG_CXX_LANGUAGE_STANDARD = "gnu++14";
				CLANG_CXX_LIBRARY = "libc++";
				CLANG_ENABLE_MODULES = YES;
				CLANG_ENABLE_OBJC_ARC = YES;
				CLANG_ENABLE_OBJC_WEAK = YES;
				CLANG_WARN_BLOCK_CAPTURE_AUTORELEASING = YES;
				CLANG_WARN_BOOL_CONVERSION = YES;
				CLANG_WARN_COMMA = YES;
				CLANG_WARN_CONSTANT_CONVERSION = YES;
				CLANG_WARN_DEPRECATED_OBJC_IMPLEMENTATIONS = YES;
				CLANG_WARN_DIRECT_OBJC_ISA_USAGE = YES_ERROR;
				CLANG_WARN_DOCUMENTATION_COMMENTS = YES;
				CLANG_WARN_EMPTY_BODY = YES;
				CLANG_WARN_ENUM_CONVERSION = YES;
				CLANG_WARN_INFINITE_RECURSION = YES;
				CLANG_WARN_INT_CONVERSION = YES;
				CLANG_WARN_NON_LITERAL_NULL_CONVERSION = YES;
				CLANG_WARN_OBJC_IMPLICIT_RETAIN_SELF = YES;
				CLANG_WARN_OBJC_LITERAL_CONVERSION = YES;
				CLANG_WARN_OBJC_ROOT_CLASS = YES_ERROR;
				CLANG_WARN_RANGE_LOOP_ANALYSIS = YES;
				CLANG_WARN_STRICT_PROTOTYPES = YES;
				CLANG_WARN_SUSPICIOUS_MOVE = YES;
				CLANG_WARN_UNGUARDED_AVAILABILITY = YES_AGGRESSIVE;
				CLANG_WARN_UNREACHABLE_CODE = YES;
				CLANG_WARN__DUPLICATE_METHOD_MATCH = YES;
				CODE_SIGN_IDENTITY = "iPhone Developer";
				COPY_PHASE_STRIP = NO;
				DEBUG_INFORMATION_FORMAT = dwarf;
				ENABLE_STRICT_OBJC_MSGSEND = YES;
				ENABLE_TESTABILITY = YES;
				GCC_C_LANGUAGE_STANDARD = gnu11;
				GCC_DYNAMIC_NO_PIC = NO;
				GCC_NO_COMMON_BLOCKS = YES;
				GCC_OPTIMIZATION_LEVEL = 0;
				GCC_PREPROCESSOR_DEFINITIONS = (
					"DEBUG=1",
					"$(inherited)",
				);
				GCC_WARN_64_TO_32_BIT_CONVERSION = YES;
				GCC_WARN_ABOUT_RETURN_TYPE = YES_ERROR;
				GCC_WARN_UNDECLARED_SELECTOR = YES;
				GCC_WARN_UNINITIALIZED_AUTOS = YES_AGGRESSIVE;
				GCC_WARN_UNUSED_FUNCTION = YES;
				GCC_WARN_UNUSED_VARIABLE = YES;
				IPHONEOS_DEPLOYMENT_TARGET = 12.1;
				MTL_ENABLE_DEBUG_INFO = INCLUDE_SOURCE;
				MTL_FAST_MATH = YES;
				ONLY_ACTIVE_ARCH = YES;
				SDKROOT = iphoneos;
			};
			name = Debug;
		};
		7A69851622446934004BF977 /* Release */ = {
			isa = XCBuildConfiguration;
			buildSettings = {
				ALWAYS_SEARCH_USER_PATHS = NO;
				CLANG_ANALYZER_NONNULL = YES;
				CLANG_ANALYZER_NUMBER_OBJECT_CONVERSION = YES_AGGRESSIVE;
				CLANG_CXX_LANGUAGE_STANDARD = "gnu++14";
				CLANG_CXX_LIBRARY = "libc++";
				CLANG_ENABLE_MODULES = YES;
				CLANG_ENABLE_OBJC_ARC = YES;
				CLANG_ENABLE_OBJC_WEAK = YES;
				CLANG_WARN_BLOCK_CAPTURE_AUTORELEASING = YES;
				CLANG_WARN_BOOL_CONVERSION = YES;
				CLANG_WARN_COMMA = YES;
				CLANG_WARN_CONSTANT_CONVERSION = YES;
				CLANG_WARN_DEPRECATED_OBJC_IMPLEMENTATIONS = YES;
				CLANG_WARN_DIRECT_OBJC_ISA_USAGE = YES_ERROR;
				CLANG_WARN_DOCUMENTATION_COMMENTS = YES;
				CLANG_WARN_EMPTY_BODY = YES;
				CLANG_WARN_ENUM_CONVERSION = YES;
				CLANG_WARN_INFINITE_RECURSION = YES;
				CLANG_WARN_INT_CONVERSION = YES;
				CLANG_WARN_NON_LITERAL_NULL_CONVERSION = YES;
				CLANG_WARN_OBJC_IMPLICIT_RETAIN_SELF = YES;
				CLANG_WARN_OBJC_LITERAL_CONVERSION = YES;
				CLANG_WARN_OBJC_ROOT_CLASS = YES_ERROR;
				CLANG_WARN_RANGE_LOOP_ANALYSIS = YES;
				CLANG_WARN_STRICT_PROTOTYPES = YES;
				CLANG_WARN_SUSPICIOUS_MOVE = YES;
				CLANG_WARN_UNGUARDED_AVAILABILITY = YES_AGGRESSIVE;
				CLANG_WARN_UNREACHABLE_CODE = YES;
				CLANG_WARN__DUPLICATE_METHOD_MATCH = YES;
				CODE_SIGN_IDENTITY = "iPhone Developer";
				COPY_PHASE_STRIP = NO;
				DEBUG_INFORMATION_FORMAT = "dwarf-with-dsym";
				ENABLE_NS_ASSERTIONS = NO;
				ENABLE_STRICT_OBJC_MSGSEND = YES;
				GCC_C_LANGUAGE_STANDARD = gnu11;
				GCC_NO_COMMON_BLOCKS = YES;
				GCC_WARN_64_TO_32_BIT_CONVERSION = YES;
				GCC_WARN_ABOUT_RETURN_TYPE = YES_ERROR;
				GCC_WARN_UNDECLARED_SELECTOR = YES;
				GCC_WARN_UNINITIALIZED_AUTOS = YES_AGGRESSIVE;
				GCC_WARN_UNUSED_FUNCTION = YES;
				GCC_WARN_UNUSED_VARIABLE = YES;
				IPHONEOS_DEPLOYMENT_TARGET = 12.1;
				MTL_ENABLE_DEBUG_INFO = NO;
				MTL_FAST_MATH = YES;
				SDKROOT = iphoneos;
				VALIDATE_PRODUCT = YES;
			};
			name = Release;
		};
		7A69851822446934004BF977 /* Debug */ = {
			isa = XCBuildConfiguration;
			buildSettings = {
				ASSETCATALOG_COMPILER_APPICON_NAME = AppIcon;
				CODE_SIGN_STYLE = Automatic;
				DEVELOPMENT_TEAM = 8SJC8P4YK8;
				INFOPLIST_FILE = "Object-CBaseProject/Info.plist";
				LD_RUNPATH_SEARCH_PATHS = (
					"$(inherited)",
					"@executable_path/Frameworks",
				);
				PRODUCT_BUNDLE_IDENTIFIER = "com.super.Object-CBaseProject";
				PRODUCT_NAME = "$(TARGET_NAME)";
				TARGETED_DEVICE_FAMILY = "1,2";
			};
			name = Debug;
		};
		7A69851922446934004BF977 /* Release */ = {
			isa = XCBuildConfiguration;
			buildSettings = {
				ASSETCATALOG_COMPILER_APPICON_NAME = AppIcon;
				CODE_SIGN_STYLE = Automatic;
				DEVELOPMENT_TEAM = 8SJC8P4YK8;
				INFOPLIST_FILE = "Object-CBaseProject/Info.plist";
				LD_RUNPATH_SEARCH_PATHS = (
					"$(inherited)",
					"@executable_path/Frameworks",
				);
				PRODUCT_BUNDLE_IDENTIFIER = "com.super.Object-CBaseProject";
				PRODUCT_NAME = "$(TARGET_NAME)";
				TARGETED_DEVICE_FAMILY = "1,2";
			};
			name = Release;
		};
		7A69851B22446934004BF977 /* Debug */ = {
			isa = XCBuildConfiguration;
			buildSettings = {
				BUNDLE_LOADER = "$(TEST_HOST)";
				CODE_SIGN_STYLE = Automatic;
				DEVELOPMENT_TEAM = 8SJC8P4YK8;
				INFOPLIST_FILE = "Object-CBaseProjectTests/Info.plist";
				LD_RUNPATH_SEARCH_PATHS = (
					"$(inherited)",
					"@executable_path/Frameworks",
					"@loader_path/Frameworks",
				);
				PRODUCT_BUNDLE_IDENTIFIER = "com.super.Object-CBaseProjectTests";
				PRODUCT_NAME = "$(TARGET_NAME)";
				TARGETED_DEVICE_FAMILY = "1,2";
				TEST_HOST = "$(BUILT_PRODUCTS_DIR)/Object-CBaseProject.app/Object-CBaseProject";
			};
			name = Debug;
		};
		7A69851C22446934004BF977 /* Release */ = {
			isa = XCBuildConfiguration;
			buildSettings = {
				BUNDLE_LOADER = "$(TEST_HOST)";
				CODE_SIGN_STYLE = Automatic;
				DEVELOPMENT_TEAM = 8SJC8P4YK8;
				INFOPLIST_FILE = "Object-CBaseProjectTests/Info.plist";
				LD_RUNPATH_SEARCH_PATHS = (
					"$(inherited)",
					"@executable_path/Frameworks",
					"@loader_path/Frameworks",
				);
				PRODUCT_BUNDLE_IDENTIFIER = "com.super.Object-CBaseProjectTests";
				PRODUCT_NAME = "$(TARGET_NAME)";
				TARGETED_DEVICE_FAMILY = "1,2";
				TEST_HOST = "$(BUILT_PRODUCTS_DIR)/Object-CBaseProject.app/Object-CBaseProject";
			};
			name = Release;
		};
		7A69851E22446934004BF977 /* Debug */ = {
			isa = XCBuildConfiguration;
			buildSettings = {
				CODE_SIGN_STYLE = Automatic;
				DEVELOPMENT_TEAM = 8SJC8P4YK8;
				INFOPLIST_FILE = "Object-CBaseProjectUITests/Info.plist";
				LD_RUNPATH_SEARCH_PATHS = (
					"$(inherited)",
					"@executable_path/Frameworks",
					"@loader_path/Frameworks",
				);
				PRODUCT_BUNDLE_IDENTIFIER = "com.super.Object-CBaseProjectUITests";
				PRODUCT_NAME = "$(TARGET_NAME)";
				TARGETED_DEVICE_FAMILY = "1,2";
				TEST_TARGET_NAME = "Object-CBaseProject";
			};
			name = Debug;
		};
		7A69851F22446934004BF977 /* Release */ = {
			isa = XCBuildConfiguration;
			buildSettings = {
				CODE_SIGN_STYLE = Automatic;
				DEVELOPMENT_TEAM = 8SJC8P4YK8;
				INFOPLIST_FILE = "Object-CBaseProjectUITests/Info.plist";
				LD_RUNPATH_SEARCH_PATHS = (
					"$(inherited)",
					"@executable_path/Frameworks",
					"@loader_path/Frameworks",
				);
				PRODUCT_BUNDLE_IDENTIFIER = "com.super.Object-CBaseProjectUITests";
				PRODUCT_NAME = "$(TARGET_NAME)";
				TARGETED_DEVICE_FAMILY = "1,2";
				TEST_TARGET_NAME = "Object-CBaseProject";
			};
			name = Release;
		};
/* End XCBuildConfiguration section */

/* Begin XCConfigurationList section */
		7A6984E622446934004BF977 /* Build configuration list for PBXProject "Object-CBaseProject" */ = {
			isa = XCConfigurationList;
			buildConfigurations = (
				7A69851522446934004BF977 /* Debug */,
				7A69851622446934004BF977 /* Release */,
			);
			defaultConfigurationIsVisible = 0;
			defaultConfigurationName = Release;
		};
		7A69851722446934004BF977 /* Build configuration list for PBXNativeTarget "Object-CBaseProject" */ = {
			isa = XCConfigurationList;
			buildConfigurations = (
				7A69851822446934004BF977 /* Debug */,
				7A69851922446934004BF977 /* Release */,
			);
			defaultConfigurationIsVisible = 0;
			defaultConfigurationName = Release;
		};
		7A69851A22446934004BF977 /* Build configuration list for PBXNativeTarget "Object-CBaseProjectTests" */ = {
			isa = XCConfigurationList;
			buildConfigurations = (
				7A69851B22446934004BF977 /* Debug */,
				7A69851C22446934004BF977 /* Release */,
			);
			defaultConfigurationIsVisible = 0;
			defaultConfigurationName = Release;
		};
		7A69851D22446934004BF977 /* Build configuration list for PBXNativeTarget "Object-CBaseProjectUITests" */ = {
			isa = XCConfigurationList;
			buildConfigurations = (
				7A69851E22446934004BF977 /* Debug */,
				7A69851F22446934004BF977 /* Release */,
			);
			defaultConfigurationIsVisible = 0;
			defaultConfigurationName = Release;
		};
/* End XCConfigurationList section */
	};
	rootObject = 7A6984E322446934004BF977 /* Project object */;
}
